github.com/potakhov/cache v0.0.1 h1:XCHcz7vU0y+dkKGBPGwCHyHGJ1e2ObvhxbLyjV0k0Ww=
github.com/potakhov/cache v0.0.1/go.mod h1:Kjqv0VQNS3ubA6UNRuB9Zfl/RZUs3xgBVeS01BBVdzs=
golang.org/x/sys v0.25.0 h1:r+8e+loiHxRqhXVl6ML1nO3l1+oFoWbnlu2Ehimmi34=
golang.org/x/sys v0.25.0/go.mod h1:/VUhepiaJMQUp4+oa/7Zr1D23ma6VTLIYjOOTFZPUcA=
